
Microsoft Visual Studio Solution File, Format Version 12.00
# Visual Studio Version 16
VisualStudioVersion = 16.0.30406.217
MinimumVisualStudioVersion = 10.0.40219.1
Project("{FAE04EC0-301F-11D3-BF4B-00C04F79EFBC}") = "AnythingButCreed", "AnythingButCreed\AnythingButCreed.csproj", "{D6200732-C35C-4CC7-A632-132B94961D8A}"
EndProject
Global
	GlobalSection(SolutionConfigurationPlatforms) = preSolution
		Debug|Any CPU = Debug|Any CPU
		Release|Any CPU = Release|Any CPU
	EndGlobalSection
	GlobalSection(ProjectConfigurationPlatforms) = postSolution
		{D6200732-C35C-4CC7-A632-132B94961D8A}.Debug|Any CPU.ActiveCfg = Debug|Any CPU
		{D6200732-C35C-4CC7-A632-132B94961D8A}.Debug|Any CPU.Build.0 = Debug|Any CPU
		{D6200732-C35C-4CC7-A632-132B94961D8A}.Release|Any CPU.ActiveCfg = Release|Any CPU
		{D6200732-C35C-4CC7-A632-132B94961D8A}.Release|Any CPU.Build.0 = Release|Any CPU
	EndGlobalSection
	GlobalSection(SolutionProperties) = preSolution
		HideSolutionNode = FALSE
	EndGlobalSection
	GlobalSection(ExtensibilityGlobals) = postSolution
		SolutionGuid = {075451AE-EFF4-4CC0-B89D-E0D7928B4B6C}
	EndGlobalSection
EndGlobal
